
Microsoft Visual Studio Solution File, Format Version 12.00
Project("{FAE04EC0-301F-11D3-BF4B-00C04F79EFBC}") = "timeclient", "timeclient\timeclient.csproj", "{BC8D3591-78EC-446D-85D7-6B7BA8D4700C}"
EndProject
Global
	GlobalSection(SolutionConfigurationPlatforms) = preSolution
		Debug|Any CPU = Debug|Any CPU
		Release|Any CPU = Release|Any CPU
	EndGlobalSection
	GlobalSection(ProjectConfigurationPlatforms) = postSolution
		{BC8D3591-78EC-446D-85D7-6B7BA8D4700C}.Debug|Any CPU.ActiveCfg = Debug|Any CPU
		{BC8D3591-78EC-446D-85D7-6B7BA8D4700C}.Debug|Any CPU.Build.0 = Debug|Any CPU
		{BC8D3591-78EC-446D-85D7-6B7BA8D4700C}.Release|Any CPU.ActiveCfg = Release|Any CPU
		{BC8D3591-78EC-446D-85D7-6B7BA8D4700C}.Release|Any CPU.Build.0 = Release|Any CPU
	EndGlobalSection
EndGlobal
